
Microsoft Visual Studio Solution File, Format Version 12.00
# Visual Studio Version 17
VisualStudioVersion = 17.2.32526.322
MinimumVisualStudioVersion = 10.0.40219.1
Project("{FAE04EC0-301F-11D3-BF4B-00C04F79EFBC}") = "Lad05", "Lad05\Lad05.csproj", "{1B776E5F-9FD4-4778-AD24-22416D7FF0BA}"
EndProject
Global
	GlobalSection(SolutionConfigurationPlatforms) = preSolution
		Debug|Any CPU = Debug|Any CPU
		Release|Any CPU = Release|Any CPU
	EndGlobalSection
	GlobalSection(ProjectConfigurationPlatforms) = postSolution
		{1B776E5F-9FD4-4778-AD24-22416D7FF0BA}.Debug|Any CPU.ActiveCfg = Debug|Any CPU
		{1B776E5F-9FD4-4778-AD24-22416D7FF0BA}.Debug|Any CPU.Build.0 = Debug|Any CPU
		{1B776E5F-9FD4-4778-AD24-22416D7FF0BA}.Release|Any CPU.ActiveCfg = Release|Any CPU
		{1B776E5F-9FD4-4778-AD24-22416D7FF0BA}.Release|Any CPU.Build.0 = Release|Any CPU
	EndGlobalSection
	GlobalSection(SolutionProperties) = preSolution
		HideSolutionNode = FALSE
	EndGlobalSection
	GlobalSection(ExtensibilityGlobals) = postSolution
		SolutionGuid = {032F89C5-A95C-4407-BE35-5A4CE251CBA4}
	EndGlobalSection
EndGlobal
